
Microsoft Visual Studio Solution File, Format Version 12.00
# Visual Studio Version 16
VisualStudioVersion = 16.0.32413.511
MinimumVisualStudioVersion = 10.0.40219.1
Project("{FAE04EC0-301F-11D3-BF4B-00C04F79EFBC}") = "balkezesek", "balkezesek\balkezesek.csproj", "{66EC0A3A-3862-4EDF-9375-AFC73080520C}"
EndProject
Global
	GlobalSection(SolutionConfigurationPlatforms) = preSolution
		Debug|Any CPU = Debug|Any CPU
		Release|Any CPU = Release|Any CPU
	EndGlobalSection
	GlobalSection(ProjectConfigurationPlatforms) = postSolution
		{66EC0A3A-3862-4EDF-9375-AFC73080520C}.Debug|Any CPU.ActiveCfg = Debug|Any CPU
		{66EC0A3A-3862-4EDF-9375-AFC73080520C}.Debug|Any CPU.Build.0 = Debug|Any CPU
		{66EC0A3A-3862-4EDF-9375-AFC73080520C}.Release|Any CPU.ActiveCfg = Release|Any CPU
		{66EC0A3A-3862-4EDF-9375-AFC73080520C}.Release|Any CPU.Build.0 = Release|Any CPU
	EndGlobalSection
	GlobalSection(SolutionProperties) = preSolution
		HideSolutionNode = FALSE
	EndGlobalSection
	GlobalSection(ExtensibilityGlobals) = postSolution
		SolutionGuid = {6C1B8A57-219A-45F0-A11D-32AC88610149}
	EndGlobalSection
EndGlobal
